
Microsoft Visual Studio Solution File, Format Version 12.00
# Visual Studio Version 16
VisualStudioVersion = 16.0.31205.134
MinimumVisualStudioVersion = 10.0.40219.1
Project("{FAE04EC0-301F-11D3-BF4B-00C04F79EFBC}") = "Stele", "Stele.csproj", "{F199B5FA-5DF4-49F6-88BB-604389A16F31}"
EndProject
Global
	GlobalSection(SolutionConfigurationPlatforms) = preSolution
		Debug|Any CPU = Debug|Any CPU
		Release|Any CPU = Release|Any CPU
	EndGlobalSection
	GlobalSection(ProjectConfigurationPlatforms) = postSolution
		{F199B5FA-5DF4-49F6-88BB-604389A16F31}.Debug|Any CPU.ActiveCfg = Debug|Any CPU
		{F199B5FA-5DF4-49F6-88BB-604389A16F31}.Debug|Any CPU.Build.0 = Debug|Any CPU
		{F199B5FA-5DF4-49F6-88BB-604389A16F31}.Release|Any CPU.ActiveCfg = Release|Any CPU
		{F199B5FA-5DF4-49F6-88BB-604389A16F31}.Release|Any CPU.Build.0 = Release|Any CPU
	EndGlobalSection
	GlobalSection(SolutionProperties) = preSolution
		HideSolutionNode = FALSE
	EndGlobalSection
	GlobalSection(ExtensibilityGlobals) = postSolution
		SolutionGuid = {05BADA4C-9399-47E7-9F97-D193DEC7CDBB}
	EndGlobalSection
EndGlobal
