
Microsoft Visual Studio Solution File, Format Version 12.00
# Visual Studio Version 16
VisualStudioVersion = 16.0.31205.134
MinimumVisualStudioVersion = 10.0.40219.1
Project("{FAE04EC0-301F-11D3-BF4B-00C04F79EFBC}") = "Timp", "Timp.csproj", "{72C5319A-2B3A-4C4B-B9F9-6AC84E6D2206}"
EndProject
Global
	GlobalSection(SolutionConfigurationPlatforms) = preSolution
		Debug|Any CPU = Debug|Any CPU
		Release|Any CPU = Release|Any CPU
	EndGlobalSection
	GlobalSection(ProjectConfigurationPlatforms) = postSolution
		{72C5319A-2B3A-4C4B-B9F9-6AC84E6D2206}.Debug|Any CPU.ActiveCfg = Debug|Any CPU
		{72C5319A-2B3A-4C4B-B9F9-6AC84E6D2206}.Debug|Any CPU.Build.0 = Debug|Any CPU
		{72C5319A-2B3A-4C4B-B9F9-6AC84E6D2206}.Release|Any CPU.ActiveCfg = Release|Any CPU
		{72C5319A-2B3A-4C4B-B9F9-6AC84E6D2206}.Release|Any CPU.Build.0 = Release|Any CPU
	EndGlobalSection
	GlobalSection(SolutionProperties) = preSolution
		HideSolutionNode = FALSE
	EndGlobalSection
	GlobalSection(ExtensibilityGlobals) = postSolution
		SolutionGuid = {C291C7E1-D453-4D52-81A3-09E9315B0089}
	EndGlobalSection
EndGlobal
